
Microsoft Visual Studio Solution File, Format Version 12.00
# Visual Studio Version 17
VisualStudioVersion = 17.5.002.0
MinimumVisualStudioVersion = 10.0.40219.1
Project("{9A19103F-16F7-4668-BE54-9A1E7A4F7556}") = "aspnetcoremvc", "aspnetcoremvc.csproj", "{CC620710-BB63-438F-A015-3C33DD78798D}"
EndProject
Global
	GlobalSection(SolutionConfigurationPlatforms) = preSolution
		Debug|Any CPU = Debug|Any CPU
		Release|Any CPU = Release|Any CPU
	EndGlobalSection
	GlobalSection(ProjectConfigurationPlatforms) = postSolution
		{CC620710-BB63-438F-A015-3C33DD78798D}.Debug|Any CPU.ActiveCfg = Debug|Any CPU
		{CC620710-BB63-438F-A015-3C33DD78798D}.Debug|Any CPU.Build.0 = Debug|Any CPU
		{CC620710-BB63-438F-A015-3C33DD78798D}.Release|Any CPU.ActiveCfg = Release|Any CPU
		{CC620710-BB63-438F-A015-3C33DD78798D}.Release|Any CPU.Build.0 = Release|Any CPU
	EndGlobalSection
	GlobalSection(SolutionProperties) = preSolution
		HideSolutionNode = FALSE
	EndGlobalSection
	GlobalSection(ExtensibilityGlobals) = postSolution
		SolutionGuid = {6D21D6BC-25CC-4A14-AF75-3E91453B5D7B}
	EndGlobalSection
EndGlobal
